
Microsoft Visual Studio Solution File, Format Version 12.00
# Visual Studio Version 17
VisualStudioVersion = 17.8.34525.116
MinimumVisualStudioVersion = 10.0.40219.1
Project("{9A19103F-16F7-4668-BE54-9A1E7A4F7556}") = "gboex_automationtest_portalintegracao", "gboex-automationtest-portalintegracao\gboex_automationtest_portalintegracao.csproj", "{F6E79C18-2542-49F3-9B4A-07E96592B534}"
EndProject
Global
	GlobalSection(SolutionConfigurationPlatforms) = preSolution
		Debug|Any CPU = Debug|Any CPU
		Release|Any CPU = Release|Any CPU
	EndGlobalSection
	GlobalSection(ProjectConfigurationPlatforms) = postSolution
		{F6E79C18-2542-49F3-9B4A-07E96592B534}.Debug|Any CPU.ActiveCfg = Debug|Any CPU
		{F6E79C18-2542-49F3-9B4A-07E96592B534}.Debug|Any CPU.Build.0 = Debug|Any CPU
		{F6E79C18-2542-49F3-9B4A-07E96592B534}.Release|Any CPU.ActiveCfg = Release|Any CPU
		{F6E79C18-2542-49F3-9B4A-07E96592B534}.Release|Any CPU.Build.0 = Release|Any CPU
	EndGlobalSection
	GlobalSection(SolutionProperties) = preSolution
		HideSolutionNode = FALSE
	EndGlobalSection
	GlobalSection(ExtensibilityGlobals) = postSolution
		SolutionGuid = {2DF2CEF0-329C-45C1-80FA-1E1C88E66FFF}
	EndGlobalSection
EndGlobal
